// !$*UTF8*$!
{
	archiveVersion = 1;
	classes = {
	};
	objectVersion = 46;
	objects = {

/* Begin PBXBuildFile section */
		BD32D7A8219DADED00C7F247 /* AppDelegate.m in Sources */ = {isa = PBXBuildFile; fileRef = BD32D7A7219DADED00C7F247 /* AppDelegate.m */; };
		BD32D7AB219DADED00C7F247 /* main.m in Sources */ = {isa = PBXBuildFile; fileRef = BD32D7AA219DADED00C7F247 /* main.m */; };
		BD32D7AE219DADED00C7F247 /* ViewController.m in Sources */ = {isa = PBXBuildFile; fileRef = BD32D7AD219DADED00C7F247 /* ViewController.m */; };
		BD32D7B0219DADED00C7F247 /* Assets.xcassets in Resources */ = {isa = PBXBuildFile; fileRef = BD32D7AF219DADED00C7F247 /* Assets.xcassets */; };
		BD32D7B3219DADED00C7F247 /* Main.storyboard in Resources */ = {isa = PBXBuildFile; fileRef = BD32D7B1219DADED00C7F247 /* Main.storyboard */; };
		BD32D7BC219E551000C7F247 /* RandomController.m in Sources */ = {isa = PBXBuildFile; fileRef = BD32D7BB219E551000C7F247 /* RandomController.m */; };
/* End PBXBuildFile section */

/* Begin PBXFileReference section */
		BD32D7A3219DADED00C7F247 /* Random.app */ = {isa = PBXFileReference; explicitFileType = wrapper.application; includeInIndex = 0; path = Random.app; sourceTree = BUILT_PRODUCTS_DIR; };
		BD32D7A6219DADED00C7F247 /* AppDelegate.h */ = {isa = PBXFileReference; lastKnownFileType = sourcecode.c.h; path = AppDelegate.h; sourceTree = "<group>"; };
		BD32D7A7219DADED00C7F247 /* AppDelegate.m */ = {isa = PBXFileReference; lastKnownFileType = sourcecode.c.objc; path = AppDelegate.m; sourceTree = "<group>"; };
		BD32D7AA219DADED00C7F247 /* main.m */ = {isa = PBXFileReference; lastKnownFileType = sourcecode.c.objc; path = main.m; sourceTree = "<group>"; };
		BD32D7AC219DADED00C7F247 /* ViewController.h */ = {isa = PBXFileReference; lastKnownFileType = sourcecode.c.h; path = ViewController.h; sourceTree = "<group>"; };
		BD32D7AD219DADED00C7F247 /* ViewController.m */ = {isa = PBXFileReference; lastKnownFileType = sourcecode.c.objc; path = ViewController.m; sourceTree = "<group>"; };
		BD32D7AF219DADED00C7F247 /* Assets.xcassets */ = {isa = PBXFileReference; lastKnownFileType = folder.assetcatalog; path = Assets.xcassets; sourceTree = "<group>"; };
		BD32D7B2219DADED00C7F247 /* Base */ = {isa = PBXFileReference; lastKnownFileType = file.storyboard; name = Base; path = Base.lproj/Main.storyboard; sourceTree = "<group>"; };
		BD32D7B4219DADED00C7F247 /* Info.plist */ = {isa = PBXFileReference; lastKnownFileType = text.plist.xml; path = Info.plist; sourceTree = "<group>"; };
		BD32D7BA219E551000C7F247 /* RandomController.h */ = {isa = PBXFileReference; fileEncoding = 4; lastKnownFileType = sourcecode.c.h; path = RandomController.h; sourceTree = "<group>"; };
		BD32D7BB219E551000C7F247 /* RandomController.m */ = {isa = PBXFileReference; fileEncoding = 4; lastKnownFileType = sourcecode.c.objc; path = RandomController.m; sourceTree = "<group>"; };
/* End PBXFileReference section */

/* Begin PBXFrameworksBuildPhase section */
		BD32D7A0219DADED00C7F247 /* Frameworks */ = {
			isa = PBXFrameworksBuildPhase;
			buildActionMask = 2147483647;
			files = (
			);
			runOnlyForDeploymentPostprocessing = 0;
		};
/* End PBXFrameworksBuildPhase section */

/* Begin PBXGroup section */
		BD32D79A219DADED00C7F247 = {
			isa = PBXGroup;
			children = (
				BD32D7A5219DADED00C7F247 /* Random */,
				BD32D7A4219DADED00C7F247 /* Products */,
			);
			sourceTree = "<group>";
		};
		BD32D7A4219DADED00C7F247 /* Products */ = {
			isa = PBXGroup;
			children = (
				BD32D7A3219DADED00C7F247 /* Random.app */,
			);
			name = Products;
			sourceTree = "<group>";
		};
		BD32D7A5219DADED00C7F247 /* Random */ = {
			isa = PBXGroup;
			children = (
				BD32D7A6219DADED00C7F247 /* AppDelegate.h */,
				BD32D7BA219E551000C7F247 /* RandomController.h */,
				BD32D7BB219E551000C7F247 /* RandomController.m */,
				BD32D7A7219DADED00C7F247 /* AppDelegate.m */,
				BD32D7AC219DADED00C7F247 /* ViewController.h */,
				BD32D7AD219DADED00C7F247 /* ViewController.m */,
				BD32D7AF219DADED00C7F247 /* Assets.xcassets */,
				BD32D7B1219DADED00C7F247 /* Main.storyboard */,
				BD32D7B4219DADED00C7F247 /* Info.plist */,
				BD32D7A9219DADED00C7F247 /* Supporting Files */,
			);
			path = Random;
			sourceTree = "<group>";
		};
		BD32D7A9219DADED00C7F247 /* Supporting Files */ = {
			isa = PBXGroup;
			children = (
				BD32D7AA219DADED00C7F247 /* main.m */,
			);
			name = "Supporting Files";
			sourceTree = "<group>";
		};
/* End PBXGroup section */

/* Begin PBXNativeTarget section */
		BD32D7A2219DADED00C7F247 /* Random */ = {
			isa = PBXNativeTarget;
			buildConfigurationList = BD32D7B7219DADED00C7F247 /* Build configuration list for PBXNativeTarget "Random" */;
			buildPhases = (
				BD32D79F219DADED00C7F247 /* Sources */,
				BD32D7A0219DADED00C7F247 /* Frameworks */,
				BD32D7A1219DADED00C7F247 /* Resources */,
			);
			buildRules = (
			);
			dependencies = (
			);
			name = Random;
			productName = Random;
			productReference = BD32D7A3219DADED00C7F247 /* Random.app */;
			productType = "com.apple.product-type.application";
		};
/* End PBXNativeTarget section */

/* Begin PBXProject section */
		BD32D79B219DADED00C7F247 /* Project object */ = {
			isa = PBXProject;
			attributes = {
				LastUpgradeCheck = 0830;
				ORGANIZATIONNAME = X;
				TargetAttributes = {
					BD32D7A2219DADED00C7F247 = {
						CreatedOnToolsVersion = 8.3.3;
						ProvisioningStyle = Automatic;
					};
				};
			};
			buildConfigurationList = BD32D79E219DADED00C7F247 /* Build configuration list for PBXProject "Random" */;
			compatibilityVersion = "Xcode 3.2";
			developmentRegion = English;
			hasScannedForEncodings = 0;
			knownRegions = (
				en,
				Base,
			);
			mainGroup = BD32D79A219DADED00C7F247;
			productRefGroup = BD32D7A4219DADED00C7F247 /* Products */;
			projectDirPath = "";
			projectRoot = "";
			targets = (
				BD32D7A2219DADED00C7F247 /* Random */,
			);
		};
/* End PBXProject section */

/* Begin PBXResourcesBuildPhase section */
		BD32D7A1219DADED00C7F247 /* Resources */ = {
			isa = PBXResourcesBuildPhase;
			buildActionMask = 2147483647;
			files = (
				BD32D7B0219DADED00C7F247 /* Assets.xcassets in Resources */,
				BD32D7B3219DADED00C7F247 /* Main.storyboard in Resources */,
			);
			runOnlyForDeploymentPostprocessing = 0;
		};
/* End PBXResourcesBuildPhase section */

/* Begin PBXSourcesBuildPhase section */
		BD32D79F219DADED00C7F247 /* Sources */ = {
			isa = PBXSourcesBuildPhase;
			buildActionMask = 2147483647;
			files = (
				BD32D7AE219DADED00C7F247 /* ViewController.m in Sources */,
				BD32D7AB219DADED00C7F247 /* main.m in Sources */,
				BD32D7BC219E551000C7F247 /* RandomController.m in Sources */,
				BD32D7A8219DADED00C7F247 /* AppDelegate.m in Sources */,
			);
			runOnlyForDeploymentPostprocessing = 0;
		};
/* End PBXSourcesBuildPhase section */

/* Begin PBXVariantGroup section */
		BD32D7B1219DADED00C7F247 /* Main.storyboard */ = {
			isa = PBXVariantGroup;
			children = (
				BD32D7B2219DADED00C7F247 /* Base */,
			);
			name = Main.storyboard;
			sourceTree = "<group>";
		};
/* End PBXVariantGroup section */

/* Begin XCBuildConfiguration section */
		BD32D7B5219DADED00C7F247 /* Debug */ = {
			isa = XCBuildConfiguration;
			buildSettings = {
				ALWAYS_SEARCH_USER_PATHS = NO;
				CLANG_ANALYZER_NONNULL = YES;
				CLANG_ANALYZER_NUMBER_OBJECT_CONVERSION = YES_AGGRESSIVE;
				CLANG_CXX_LANGUAGE_STANDARD = "gnu++0x";
				CLANG_CXX_LIBRARY = "libc++";
				CLANG_ENABLE_MODULES = YES;
				CLANG_ENABLE_OBJC_ARC = YES;
				CLANG_WARN_BOOL_CONVERSION = YES;
				CLANG_WARN_CONSTANT_CONVERSION = YES;
				CLANG_WARN_DIRECT_OBJC_ISA_USAGE = YES_ERROR;
				CLANG_WARN_DOCUMENTATION_COMMENTS = YES;
				CLANG_WARN_EMPTY_BODY = YES;
				CLANG_WARN_ENUM_CONVERSION = YES;
				CLANG_WARN_INFINITE_RECURSION = YES;
				CLANG_WARN_INT_CONVERSION = YES;
				CLANG_WARN_OBJC_ROOT_CLASS = YES_ERROR;
				CLANG_WARN_SUSPICIOUS_MOVE = YES;
				CLANG_WARN_UNREACHABLE_CODE = YES;
				CLANG_WARN__DUPLICATE_METHOD_MATCH = YES;
				CODE_SIGN_IDENTITY = "-";
				COPY_PHASE_STRIP = NO;
				DEBUG_INFORMATION_FORMAT = dwarf;
				ENABLE_STRICT_OBJC_MSGSEND = YES;
				ENABLE_TESTABILITY = YES;
				GCC_C_LANGUAGE_STANDARD = gnu99;
				GCC_DYNAMIC_NO_PIC = NO;
				GCC_NO_COMMON_BLOCKS = YES;
				GCC_OPTIMIZATION_LEVEL = 0;
				GCC_PREPROCESSOR_DEFINITIONS = (
					"DEBUG=1",
					"$(inherited)",
				);
				GCC_WARN_64_TO_32_BIT_CONVERSION = YES;
				GCC_WARN_ABOUT_RETURN_TYPE = YES_ERROR;
				GCC_WARN_UNDECLARED_SELECTOR = YES;
				GCC_WARN_UNINITIALIZED_AUTOS = YES_AGGRESSIVE;
				GCC_WARN_UNUSED_FUNCTION = YES;
				GCC_WARN_UNUSED_VARIABLE = YES;
				MACOSX_DEPLOYMENT_TARGET = 10.13;
				MTL_ENABLE_DEBUG_INFO = YES;
				ONLY_ACTIVE_ARCH = YES;
				SDKROOT = macosx;
			};
			name = Debug;
		};
		BD32D7B6219DADED00C7F247 /* Release */ = {
			isa = XCBuildConfiguration;
			buildSettings = {
				ALWAYS_SEARCH_USER_PATHS = NO;
				CLANG_ANALYZER_NONNULL = YES;
				CLANG_ANALYZER_NUMBER_OBJECT_CONVERSION = YES_AGGRESSIVE;
				CLANG_CXX_LANGUAGE_STANDARD = "gnu++0x";
				CLANG_CXX_LIBRARY = "libc++";
				CLANG_ENABLE_MODULES = YES;
				CLANG_ENABLE_OBJC_ARC = YES;
				CLANG_WARN_BOOL_CONVERSION = YES;
				CLANG_WARN_CONSTANT_CONVERSION = YES;
				CLANG_WARN_DIRECT_OBJC_ISA_USAGE = YES_ERROR;
				CLANG_WARN_DOCUMENTATION_COMMENTS = YES;
				CLANG_WARN_EMPTY_BODY = YES;
				CLANG_WARN_ENUM_CONVERSION = YES;
				CLANG_WARN_INFINITE_RECURSION = YES;
				CLANG_WARN_INT_CONVERSION = YES;
				CLANG_WARN_OBJC_ROOT_CLASS = YES_ERROR;
				CLANG_WARN_SUSPICIOUS_MOVE = YES;
				CLANG_WARN_UNREACHABLE_CODE = YES;
				CLANG_WARN__DUPLICATE_METHOD_MATCH = YES;
				CODE_SIGN_IDENTITY = "-";
				COPY_PHASE_STRIP = NO;
				DEBUG_INFORMATION_FORMAT = "dwarf-with-dsym";
				ENABLE_NS_ASSERTIONS = NO;
				ENABLE_STRICT_OBJC_MSGSEND = YES;
				GCC_C_LANGUAGE_STANDARD = gnu99;
				GCC_NO_COMMON_BLOCKS = YES;
				GCC_WARN_64_TO_32_BIT_CONVERSION = YES;
				GCC_WARN_ABOUT_RETURN_TYPE = YES_ERROR;
				GCC_WARN_UNDECLARED_SELECTOR = YES;
				GCC_WARN_UNINITIALIZED_AUTOS = YES_AGGRESSIVE;
				GCC_WARN_UNUSED_FUNCTION = YES;
				GCC_WARN_UNUSED_VARIABLE = YES;
				MACOSX_DEPLOYMENT_TARGET = 10.13;
				MTL_ENABLE_DEBUG_INFO = NO;
				SDKROOT = macosx;
			};
			name = Release;
		};
		BD32D7B8219DADED00C7F247 /* Debug */ = {
			isa = XCBuildConfiguration;
			buildSettings = {
				ASSETCATALOG_COMPILER_APPICON_NAME = AppIcon;
				COMBINE_HIDPI_IMAGES = YES;
				INFOPLIST_FILE = Random/Info.plist;
				LD_RUNPATH_SEARCH_PATHS = "$(inherited) @executable_path/../Frameworks";
				PRODUCT_BUNDLE_IDENTIFIER = x.Random;
				PRODUCT_NAME = "$(TARGET_NAME)";
			};
			name = Debug;
		};
		BD32D7B9219DADED00C7F247 /* Release */ = {
			isa = XCBuildConfiguration;
			buildSettings = {
				ASSETCATALOG_COMPILER_APPICON_NAME = AppIcon;
				COMBINE_HIDPI_IMAGES = YES;
				INFOPLIST_FILE = Random/Info.plist;
				LD_RUNPATH_SEARCH_PATHS = "$(inherited) @executable_path/../Frameworks";
				PRODUCT_BUNDLE_IDENTIFIER = x.Random;
				PRODUCT_NAME = "$(TARGET_NAME)";
			};
			name = Release;
		};
/* End XCBuildConfiguration section */

/* Begin XCConfigurationList section */
		BD32D79E219DADED00C7F247 /* Build configuration list for PBXProject "Random" */ = {
			isa = XCConfigurationList;
			buildConfigurations = (
				BD32D7B5219DADED00C7F247 /* Debug */,
				BD32D7B6219DADED00C7F247 /* Release */,
			);
			defaultConfigurationIsVisible = 0;
			defaultConfigurationName = Release;
		};
		BD32D7B7219DADED00C7F247 /* Build configuration list for PBXNativeTarget "Random" */ = {
			isa = XCConfigurationList;
			buildConfigurations = (
				BD32D7B8219DADED00C7F247 /* Debug */,
				BD32D7B9219DADED00C7F247 /* Release */,
			);
			defaultConfigurationIsVisible = 0;
		};
/* End XCConfigurationList section */
	};
	rootObject = BD32D79B219DADED00C7F247 /* Project object */;
}
