// !$*UTF8*$!
{
	archiveVersion = 1;
	classes = {
	};
	objectVersion = 46;
	objects = {

/* Begin PBXBuildFile section */
		BD7BF2FB224BAC6600D33302 /* AppDelegate.m in Sources */ = {isa = PBXBuildFile; fileRef = BD7BF2FA224BAC6600D33302 /* AppDelegate.m */; };
		BD7BF2FE224BAC6600D33302 /* main.m in Sources */ = {isa = PBXBuildFile; fileRef = BD7BF2FD224BAC6600D33302 /* main.m */; };
		BD7BF301224BAC6600D33302 /* ViewController.m in Sources */ = {isa = PBXBuildFile; fileRef = BD7BF300224BAC6600D33302 /* ViewController.m */; };
		BD7BF303224BAC6600D33302 /* Assets.xcassets in Resources */ = {isa = PBXBuildFile; fileRef = BD7BF302224BAC6600D33302 /* Assets.xcassets */; };
		BD7BF306224BAC6600D33302 /* Main.storyboard in Resources */ = {isa = PBXBuildFile; fileRef = BD7BF304224BAC6600D33302 /* Main.storyboard */; };
		BD7BF30F224BCF1A00D33302 /* RandomController.m in Sources */ = {isa = PBXBuildFile; fileRef = BD7BF30E224BCF1A00D33302 /* RandomController.m */; };
/* End PBXBuildFile section */

/* Begin PBXFileReference section */
		BD7BF2F6224BAC6600D33302 /* Random.app */ = {isa = PBXFileReference; explicitFileType = wrapper.application; includeInIndex = 0; path = Random.app; sourceTree = BUILT_PRODUCTS_DIR; };
		BD7BF2F9224BAC6600D33302 /* AppDelegate.h */ = {isa = PBXFileReference; lastKnownFileType = sourcecode.c.h; path = AppDelegate.h; sourceTree = "<group>"; };
		BD7BF2FA224BAC6600D33302 /* AppDelegate.m */ = {isa = PBXFileReference; lastKnownFileType = sourcecode.c.objc; path = AppDelegate.m; sourceTree = "<group>"; };
		BD7BF2FD224BAC6600D33302 /* main.m */ = {isa = PBXFileReference; lastKnownFileType = sourcecode.c.objc; path = main.m; sourceTree = "<group>"; };
		BD7BF2FF224BAC6600D33302 /* ViewController.h */ = {isa = PBXFileReference; lastKnownFileType = sourcecode.c.h; path = ViewController.h; sourceTree = "<group>"; };
		BD7BF300224BAC6600D33302 /* ViewController.m */ = {isa = PBXFileReference; lastKnownFileType = sourcecode.c.objc; path = ViewController.m; sourceTree = "<group>"; };
		BD7BF302224BAC6600D33302 /* Assets.xcassets */ = {isa = PBXFileReference; lastKnownFileType = folder.assetcatalog; path = Assets.xcassets; sourceTree = "<group>"; };
		BD7BF305224BAC6600D33302 /* Base */ = {isa = PBXFileReference; lastKnownFileType = file.storyboard; name = Base; path = Base.lproj/Main.storyboard; sourceTree = "<group>"; };
		BD7BF307224BAC6600D33302 /* Info.plist */ = {isa = PBXFileReference; lastKnownFileType = text.plist.xml; path = Info.plist; sourceTree = "<group>"; };
		BD7BF30D224BCF1A00D33302 /* RandomController.h */ = {isa = PBXFileReference; fileEncoding = 4; lastKnownFileType = sourcecode.c.h; path = RandomController.h; sourceTree = "<group>"; };
		BD7BF30E224BCF1A00D33302 /* RandomController.m */ = {isa = PBXFileReference; fileEncoding = 4; lastKnownFileType = sourcecode.c.objc; path = RandomController.m; sourceTree = "<group>"; };
/* End PBXFileReference section */

/* Begin PBXFrameworksBuildPhase section */
		BD7BF2F3224BAC6600D33302 /* Frameworks */ = {
			isa = PBXFrameworksBuildPhase;
			buildActionMask = 2147483647;
			files = (
			);
			runOnlyForDeploymentPostprocessing = 0;
		};
/* End PBXFrameworksBuildPhase section */

/* Begin PBXGroup section */
		BD7BF2ED224BAC6600D33302 = {
			isa = PBXGroup;
			children = (
				BD7BF2F8224BAC6600D33302 /* Random */,
				BD7BF2F7224BAC6600D33302 /* Products */,
			);
			sourceTree = "<group>";
		};
		BD7BF2F7224BAC6600D33302 /* Products */ = {
			isa = PBXGroup;
			children = (
				BD7BF2F6224BAC6600D33302 /* Random.app */,
			);
			name = Products;
			sourceTree = "<group>";
		};
		BD7BF2F8224BAC6600D33302 /* Random */ = {
			isa = PBXGroup;
			children = (
				BD7BF2F9224BAC6600D33302 /* AppDelegate.h */,
				BD7BF2FA224BAC6600D33302 /* AppDelegate.m */,
				BD7BF2FF224BAC6600D33302 /* ViewController.h */,
				BD7BF300224BAC6600D33302 /* ViewController.m */,
				BD7BF302224BAC6600D33302 /* Assets.xcassets */,
				BD7BF304224BAC6600D33302 /* Main.storyboard */,
				BD7BF307224BAC6600D33302 /* Info.plist */,
				BD7BF2FC224BAC6600D33302 /* Supporting Files */,
				BD7BF30D224BCF1A00D33302 /* RandomController.h */,
				BD7BF30E224BCF1A00D33302 /* RandomController.m */,
			);
			path = Random;
			sourceTree = "<group>";
		};
		BD7BF2FC224BAC6600D33302 /* Supporting Files */ = {
			isa = PBXGroup;
			children = (
				BD7BF2FD224BAC6600D33302 /* main.m */,
			);
			name = "Supporting Files";
			sourceTree = "<group>";
		};
/* End PBXGroup section */

/* Begin PBXNativeTarget section */
		BD7BF2F5224BAC6600D33302 /* Random */ = {
			isa = PBXNativeTarget;
			buildConfigurationList = BD7BF30A224BAC6600D33302 /* Build configuration list for PBXNativeTarget "Random" */;
			buildPhases = (
				BD7BF2F2224BAC6600D33302 /* Sources */,
				BD7BF2F3224BAC6600D33302 /* Frameworks */,
				BD7BF2F4224BAC6600D33302 /* Resources */,
			);
			buildRules = (
			);
			dependencies = (
			);
			name = Random;
			productName = Random;
			productReference = BD7BF2F6224BAC6600D33302 /* Random.app */;
			productType = "com.apple.product-type.application";
		};
/* End PBXNativeTarget section */

/* Begin PBXProject section */
		BD7BF2EE224BAC6600D33302 /* Project object */ = {
			isa = PBXProject;
			attributes = {
				LastUpgradeCheck = 0830;
				ORGANIZATIONNAME = X;
				TargetAttributes = {
					BD7BF2F5224BAC6600D33302 = {
						CreatedOnToolsVersion = 8.3.3;
						ProvisioningStyle = Automatic;
					};
				};
			};
			buildConfigurationList = BD7BF2F1224BAC6600D33302 /* Build configuration list for PBXProject "Random" */;
			compatibilityVersion = "Xcode 3.2";
			developmentRegion = English;
			hasScannedForEncodings = 0;
			knownRegions = (
				en,
				Base,
			);
			mainGroup = BD7BF2ED224BAC6600D33302;
			productRefGroup = BD7BF2F7224BAC6600D33302 /* Products */;
			projectDirPath = "";
			projectRoot = "";
			targets = (
				BD7BF2F5224BAC6600D33302 /* Random */,
			);
		};
/* End PBXProject section */

/* Begin PBXResourcesBuildPhase section */
		BD7BF2F4224BAC6600D33302 /* Resources */ = {
			isa = PBXResourcesBuildPhase;
			buildActionMask = 2147483647;
			files = (
				BD7BF303224BAC6600D33302 /* Assets.xcassets in Resources */,
				BD7BF306224BAC6600D33302 /* Main.storyboard in Resources */,
			);
			runOnlyForDeploymentPostprocessing = 0;
		};
/* End PBXResourcesBuildPhase section */

/* Begin PBXSourcesBuildPhase section */
		BD7BF2F2224BAC6600D33302 /* Sources */ = {
			isa = PBXSourcesBuildPhase;
			buildActionMask = 2147483647;
			files = (
				BD7BF301224BAC6600D33302 /* ViewController.m in Sources */,
				BD7BF2FE224BAC6600D33302 /* main.m in Sources */,
				BD7BF30F224BCF1A00D33302 /* RandomController.m in Sources */,
				BD7BF2FB224BAC6600D33302 /* AppDelegate.m in Sources */,
			);
			runOnlyForDeploymentPostprocessing = 0;
		};
/* End PBXSourcesBuildPhase section */

/* Begin PBXVariantGroup section */
		BD7BF304224BAC6600D33302 /* Main.storyboard */ = {
			isa = PBXVariantGroup;
			children = (
				BD7BF305224BAC6600D33302 /* Base */,
			);
			name = Main.storyboard;
			sourceTree = "<group>";
		};
/* End PBXVariantGroup section */

/* Begin XCBuildConfiguration section */
		BD7BF308224BAC6600D33302 /* Debug */ = {
			isa = XCBuildConfiguration;
			buildSettings = {
				ALWAYS_SEARCH_USER_PATHS = NO;
				CLANG_ANALYZER_NONNULL = YES;
				CLANG_ANALYZER_NUMBER_OBJECT_CONVERSION = YES_AGGRESSIVE;
				CLANG_CXX_LANGUAGE_STANDARD = "gnu++0x";
				CLANG_CXX_LIBRARY = "libc++";
				CLANG_ENABLE_MODULES = YES;
				CLANG_ENABLE_OBJC_ARC = YES;
				CLANG_WARN_BOOL_CONVERSION = YES;
				CLANG_WARN_CONSTANT_CONVERSION = YES;
				CLANG_WARN_DIRECT_OBJC_ISA_USAGE = YES_ERROR;
				CLANG_WARN_DOCUMENTATION_COMMENTS = YES;
				CLANG_WARN_EMPTY_BODY = YES;
				CLANG_WARN_ENUM_CONVERSION = YES;
				CLANG_WARN_INFINITE_RECURSION = YES;
				CLANG_WARN_INT_CONVERSION = YES;
				CLANG_WARN_OBJC_ROOT_CLASS = YES_ERROR;
				CLANG_WARN_SUSPICIOUS_MOVE = YES;
				CLANG_WARN_UNREACHABLE_CODE = YES;
				CLANG_WARN__DUPLICATE_METHOD_MATCH = YES;
				CODE_SIGN_IDENTITY = "-";
				COPY_PHASE_STRIP = NO;
				DEBUG_INFORMATION_FORMAT = dwarf;
				ENABLE_STRICT_OBJC_MSGSEND = YES;
				ENABLE_TESTABILITY = YES;
				GCC_C_LANGUAGE_STANDARD = gnu99;
				GCC_DYNAMIC_NO_PIC = NO;
				GCC_NO_COMMON_BLOCKS = YES;
				GCC_OPTIMIZATION_LEVEL = 0;
				GCC_PREPROCESSOR_DEFINITIONS = (
					"DEBUG=1",
					"$(inherited)",
				);
				GCC_WARN_64_TO_32_BIT_CONVERSION = YES;
				GCC_WARN_ABOUT_RETURN_TYPE = YES_ERROR;
				GCC_WARN_UNDECLARED_SELECTOR = YES;
				GCC_WARN_UNINITIALIZED_AUTOS = YES_AGGRESSIVE;
				GCC_WARN_UNUSED_FUNCTION = YES;
				GCC_WARN_UNUSED_VARIABLE = YES;
				MACOSX_DEPLOYMENT_TARGET = 10.13;
				MTL_ENABLE_DEBUG_INFO = YES;
				ONLY_ACTIVE_ARCH = YES;
				SDKROOT = macosx;
			};
			name = Debug;
		};
		BD7BF309224BAC6600D33302 /* Release */ = {
			isa = XCBuildConfiguration;
			buildSettings = {
				ALWAYS_SEARCH_USER_PATHS = NO;
				CLANG_ANALYZER_NONNULL = YES;
				CLANG_ANALYZER_NUMBER_OBJECT_CONVERSION = YES_AGGRESSIVE;
				CLANG_CXX_LANGUAGE_STANDARD = "gnu++0x";
				CLANG_CXX_LIBRARY = "libc++";
				CLANG_ENABLE_MODULES = YES;
				CLANG_ENABLE_OBJC_ARC = YES;
				CLANG_WARN_BOOL_CONVERSION = YES;
				CLANG_WARN_CONSTANT_CONVERSION = YES;
				CLANG_WARN_DIRECT_OBJC_ISA_USAGE = YES_ERROR;
				CLANG_WARN_DOCUMENTATION_COMMENTS = YES;
				CLANG_WARN_EMPTY_BODY = YES;
				CLANG_WARN_ENUM_CONVERSION = YES;
				CLANG_WARN_INFINITE_RECURSION = YES;
				CLANG_WARN_INT_CONVERSION = YES;
				CLANG_WARN_OBJC_ROOT_CLASS = YES_ERROR;
				CLANG_WARN_SUSPICIOUS_MOVE = YES;
				CLANG_WARN_UNREACHABLE_CODE = YES;
				CLANG_WARN__DUPLICATE_METHOD_MATCH = YES;
				CODE_SIGN_IDENTITY = "-";
				COPY_PHASE_STRIP = NO;
				DEBUG_INFORMATION_FORMAT = "dwarf-with-dsym";
				ENABLE_NS_ASSERTIONS = NO;
				ENABLE_STRICT_OBJC_MSGSEND = YES;
				GCC_C_LANGUAGE_STANDARD = gnu99;
				GCC_NO_COMMON_BLOCKS = YES;
				GCC_WARN_64_TO_32_BIT_CONVERSION = YES;
				GCC_WARN_ABOUT_RETURN_TYPE = YES_ERROR;
				GCC_WARN_UNDECLARED_SELECTOR = YES;
				GCC_WARN_UNINITIALIZED_AUTOS = YES_AGGRESSIVE;
				GCC_WARN_UNUSED_FUNCTION = YES;
				GCC_WARN_UNUSED_VARIABLE = YES;
				MACOSX_DEPLOYMENT_TARGET = 10.13;
				MTL_ENABLE_DEBUG_INFO = NO;
				SDKROOT = macosx;
			};
			name = Release;
		};
		BD7BF30B224BAC6600D33302 /* Debug */ = {
			isa = XCBuildConfiguration;
			buildSettings = {
				ASSETCATALOG_COMPILER_APPICON_NAME = AppIcon;
				COMBINE_HIDPI_IMAGES = YES;
				INFOPLIST_FILE = Random/Info.plist;
				LD_RUNPATH_SEARCH_PATHS = "$(inherited) @executable_path/../Frameworks";
				PRODUCT_BUNDLE_IDENTIFIER = x.Random;
				PRODUCT_NAME = "$(TARGET_NAME)";
			};
			name = Debug;
		};
		BD7BF30C224BAC6600D33302 /* Release */ = {
			isa = XCBuildConfiguration;
			buildSettings = {
				ASSETCATALOG_COMPILER_APPICON_NAME = AppIcon;
				COMBINE_HIDPI_IMAGES = YES;
				INFOPLIST_FILE = Random/Info.plist;
				LD_RUNPATH_SEARCH_PATHS = "$(inherited) @executable_path/../Frameworks";
				PRODUCT_BUNDLE_IDENTIFIER = x.Random;
				PRODUCT_NAME = "$(TARGET_NAME)";
			};
			name = Release;
		};
/* End XCBuildConfiguration section */

/* Begin XCConfigurationList section */
		BD7BF2F1224BAC6600D33302 /* Build configuration list for PBXProject "Random" */ = {
			isa = XCConfigurationList;
			buildConfigurations = (
				BD7BF308224BAC6600D33302 /* Debug */,
				BD7BF309224BAC6600D33302 /* Release */,
			);
			defaultConfigurationIsVisible = 0;
			defaultConfigurationName = Release;
		};
		BD7BF30A224BAC6600D33302 /* Build configuration list for PBXNativeTarget "Random" */ = {
			isa = XCConfigurationList;
			buildConfigurations = (
				BD7BF30B224BAC6600D33302 /* Debug */,
				BD7BF30C224BAC6600D33302 /* Release */,
			);
			defaultConfigurationIsVisible = 0;
		};
/* End XCConfigurationList section */
	};
	rootObject = BD7BF2EE224BAC6600D33302 /* Project object */;
}
